{
    "_meta": {
        "hash": {
            "sha256": "2b5925cdc8dbee9108160ef19e158122c5e65b18983930265d90e70c74fc5ddf"
        },
        "pipfile-spec": 6,
        "requires": {
            "python_version": "3.7"
        },
        "sources": [
            {
                "name": "pypi",
                "url": "https://pypi.org/simple",
                "verify_ssl": true
            }
        ]
    },
    "default": {
        "avro": {
            "hashes": [
                "sha256:5eace17f1740cfb4c6246de162ed2f8366647eb5a962b919189b0c8a9913c729"
            ],
            "index": "pypi",
            "version": "==1.9.0"
        },
        "confluent-kafka": {
            "hashes": [
                "sha256:01737c71c4596ef588b60ee1a1c56b64d8fd04169e3d5545ed31e08a530e00df",
                "sha256:16736eb9a65c2ca5ddb7200254d7a97c2b59eb3ef4f985ed319e583cb7abc0e6",
                "sha256:1c84038b2c515b27b14ab2d44b3f5c6ea7eeb848bfe755f5083c58edc60867af",
                "sha256:228722c35efa27cafe30bb7236c8acf699b9a07deb8df011f7d8e975715b77f6",
                "sha256:342299cd49c0af395bfaf0da5acfc1509081064429f809deb77754999ade8757",
                "sha256:36f3942527100646b8dcc32b59ae03d34b36df96a2fa66b3d91a10e8fcf3002f",
                "sha256:442186d9d6eca9c7a9d019a782645aeb210f1eb0dc85235ba60cd2f15ef89292",
                "sha256:4dcb171ebed381f2f8b3dd0827d10398097dba346b5170a42501065bee075444",
                "sha256:50d2300dad99f354b316660595eb461567e253fbb314848974542c58c04a7666",
                "sha256:5505d42ad10fde01f0a7254c6e7e2348b0b9dc26be95bea7ad203bcea3ece201",
                "sha256:6f9a99de81028fa687499f2f335374b0ee2366a970bc0664637ab346a1b77a11",
                "sha256:76e1922ada8da7ee654892f2364e9b30730fba9154868cec1017d791134bedf7",
                "sha256:790decee83bd0a15dc6b65a87703c156d63fde51b6b5c1c086cca13ee9300e8f",
                "sha256:7cd66710c8552e83d09b60cf699309d47f749289b10379ad3ed01d1b5114b461",
                "sha256:7eae7288fc28a8cd9ce5b758530ab2690c6ba15141c9192bc65774a2a7148432",
                "sha256:88fbbf7c27db4770a2d5b26795608cf2a6b672811cbe337f81ca82fe7011586d",
                "sha256:9857da6a911e7beae5e11acc8a494e95dabd4348c78a26b32b9ac98142b368da",
                "sha256:98ba297342d33c87775abbb9403f4759b9d48c34f84020973ddb8a8b785bfde1",
                "sha256:a2634c2de4b8cfdce9963723023658190edf7d8fddd3f4aa2eda448941654bd6",
                "sha256:ab5ddd32c4bcf7d5fecf71a455b5525825d907b86cdab9594bad33a1e342360d",
                "sha256:b25399b3e8bada06134b5a38f24ca70acf1524e70a6290c34a709b28b29ec284",
                "sha256:b809a9ddd35492b1c24487925dbc4b3cf4f392bf8856584d49b6b5a674fd0776",
                "sha256:bcb2da981e8713c900ab9903226167878f5731fcf33a3551ddb0614db88d1fcf",
                "sha256:dd003e54b251e8e7300e808175d21c8ab9039c9633a6fd87fb99301d94f7d2bc",
                "sha256:ddbd51a8429815ea5194d1d72881604836c6ea037cba79bf7440b2d4098ac7b0",
                "sha256:e809dbe2cd3b934247d2c1e22736798150769e51415ea65d28ba496fcec22a7d"
            ],
            "index": "pypi",
            "version": "==1.0.1"
        },
        "marshmallow": {
            "hashes": [
                "sha256:9cedfc5b6f568d57e8a2cf3d293fbd81b05e5ef557854008d03e25660a39ccfd",
                "sha256:a4d99922116a76e5abd8f997ec0519086e24814b7e1e1344bebe2a312ba50235"
            ],
            "index": "pypi",
            "version": "==2.19.5"
        },
        "pyyaml": {
            "hashes": [
                "sha256:57acc1d8533cbe51f6662a55434f0dbecfa2b9eaf115bede8f6fd00115a0c0d3",
                "sha256:588c94b3d16b76cfed8e0be54932e5729cc185caffaa5a451e7ad2f7ed8b4043",
                "sha256:68c8dd247f29f9a0d09375c9c6b8fdc64b60810ebf07ba4cdd64ceee3a58c7b7",
                "sha256:70d9818f1c9cd5c48bb87804f2efc8692f1023dac7f1a1a5c61d454043c1d265",
                "sha256:86a93cccd50f8c125286e637328ff4eef108400dd7089b46a7be3445eecfa391",
                "sha256:a0f329125a926876f647c9fa0ef32801587a12328b4a3c741270464e3e4fa778",
                "sha256:a3c252ab0fa1bb0d5a3f6449a4826732f3eb6c0270925548cac342bc9b22c225",
                "sha256:b4bb4d3f5e232425e25dda21c070ce05168a786ac9eda43768ab7f3ac2770955",
                "sha256:cd0618c5ba5bda5f4039b9398bb7fb6a317bb8298218c3de25c47c4740e4b95e",
                "sha256:ceacb9e5f8474dcf45b940578591c7f3d960e82f926c707788a570b51ba59190",
                "sha256:fe6a88094b64132c4bb3b631412e90032e8cfe9745a58370462240b8cb7553cd"
            ],
            "index": "pypi",
            "version": "==5.1.1"
        }
    },
    "develop": {}
}
