{
    "_meta": {
        "hash": {
            "sha256": "2b5925cdc8dbee9108160ef19e158122c5e65b18983930265d90e70c74fc5ddf"
        },
        "pipfile-spec": 6,
        "requires": {
            "python_version": "3.7"
        },
        "sources": [
            {
                "name": "pypi",
                "url": "https://pypi.org/simple",
                "verify_ssl": true
            }
        ]
    },
    "default": {
        "avro": {
            "hashes": [
                "sha256:5eace17f1740cfb4c6246de162ed2f8366647eb5a962b919189b0c8a9913c729"
            ],
            "index": "pypi",
            "version": "==1.9.0"
        },
        "confluent-kafka": {
            "hashes": [
                "sha256:01737c71c4596ef588b60ee1a1c56b64d8fd04169e3d5545ed31e08a530e00df",
                "sha256:16736eb9a65c2ca5ddb7200254d7a97c2b59eb3ef4f985ed319e583cb7abc0e6",
                "sha256:1c84038b2c515b27b14ab2d44b3f5c6ea7eeb848bfe755f5083c58edc60867af",
                "sha256:228722c35efa27cafe30bb7236c8acf699b9a07deb8df011f7d8e975715b77f6",
                "sha256:342299cd49c0af395bfaf0da5acfc1509081064429f809deb77754999ade8757",
                "sha256:36f3942527100646b8dcc32b59ae03d34b36df96a2fa66b3d91a10e8fcf3002f",
                "sha256:442186d9d6eca9c7a9d019a782645aeb210f1eb0dc85235ba60cd2f15ef89292",
                "sha256:4dcb171ebed381f2f8b3dd0827d10398097dba346b5170a42501065bee075444",
                "sha256:50d2300dad99f354b316660595eb461567e253fbb314848974542c58c04a7666",
                "sha256:5505d42ad10fde01f0a7254c6e7e2348b0b9dc26be95bea7ad203bcea3ece201",
                "sha256:6f9a99de81028fa687499f2f335374b0ee2366a970bc0664637ab346a1b77a11",
                "sha256:76e1922ada8da7ee654892f2364e9b30730fba9154868cec1017d791134bedf7",
                "sha256:790decee83bd0a15dc6b65a87703c156d63fde51b6b5c1c086cca13ee9300e8f",
                "sha256:7cd66710c8552e83d09b60cf699309d47f749289b10379ad3ed01d1b5114b461",
                "sha256:7eae7288fc28a8cd9ce5b758530ab2690c6ba15141c9192bc65774a2a7148432",
                "sha256:88fbbf7c27db4770a2d5b26795608cf2a6b672811cbe337f81ca82fe7011586d",
                "sha256:9857da6a911e7beae5e11acc8a494e95dabd4348c78a26b32b9ac98142b368da",
                "sha256:98ba297342d33c87775abbb9403f4759b9d48c34f84020973ddb8a8b785bfde1",
                "sha256:a2634c2de4b8cfdce9963723023658190edf7d8fddd3f4aa2eda448941654bd6",
                "sha256:ab5ddd32c4bcf7d5fecf71a455b5525825d907b86cdab9594bad33a1e342360d",
                "sha256:b25399b3e8bada06134b5a38f24ca70acf1524e70a6290c34a709b28b29ec284",
                "sha256:b809a9ddd35492b1c24487925dbc4b3cf4f392bf8856584d49b6b5a674fd0776",
                "sha256:bcb2da981e8713c900ab9903226167878f5731fcf33a3551ddb0614db88d1fcf",
                "sha256:dd003e54b251e8e7300e808175d21c8ab9039c9633a6fd87fb99301d94f7d2bc",
                "sha256:ddbd51a8429815ea5194d1d72881604836c6ea037cba79bf7440b2d4098ac7b0",
                "sha256:e809dbe2cd3b934247d2c1e22736798150769e51415ea65d28ba496fcec22a7d"
            ],
            "index": "pypi",
            "version": "==1.0.1"
        },
        "marshmallow": {
            "hashes": [
                "sha256:9cedfc5b6f568d57e8a2cf3d293fbd81b05e5ef557854008d03e25660a39ccfd",
                "sha256:a4d99922116a76e5abd8f997ec0519086e24814b7e1e1344bebe2a312ba50235"
            ],
            "index": "pypi",
            "version": "==2.19.5"
        },
        "pyyaml": {
            "hashes": [
                "sha256:02c78d77281d8f8d07a255e57abdbf43b02257f59f50cc6b636937d68efa5dd0",
                "sha256:0dc9f2eb2e3c97640928dec63fd8dc1dd91e6b6ed236bd5ac00332b99b5c2ff9",
                "sha256:124fd7c7bc1e95b1eafc60825f2daf67c73ce7b33f1194731240d24b0d1bf628",
                "sha256:26fcb33776857f4072601502d93e1a619f166c9c00befb52826e7b774efaa9db",
                "sha256:31ba07c54ef4a897758563e3a0fcc60077698df10180abe4b8165d9895c00ebf",
                "sha256:3c49e39ac034fd64fd576d63bb4db53cda89b362768a67f07749d55f128ac18a",
                "sha256:52bf0930903818e600ae6c2901f748bc4869c0c406056f679ab9614e5d21a166",
                "sha256:5a3f345acff76cad4aa9cb171ee76c590f37394186325d53d1aa25318b0d4a09",
                "sha256:5e7ac4e0e79a53451dc2814f6876c2fa6f71452de1498bbe29c0b54b69a986f4",
                "sha256:7242790ab6c20316b8e7bb545be48d7ed36e26bbe279fd56f2c4a12510e60b4b",
                "sha256:737bd70e454a284d456aa1fa71a0b429dd527bcbf52c5c33f7c8eee81ac16b89",
                "sha256:8635d53223b1f561b081ff4adecb828fd484b8efffe542edcfdff471997f7c39",
                "sha256:8b818b6c5a920cbe4203b5a6b14256f0e5244338244560da89b7b0f1313ea4b6",
                "sha256:8bf38641b4713d77da19e91f8b5296b832e4db87338d6aeffe422d42f1ca896d",
                "sha256:a36a48a51e5471513a5aea920cdad84cbd56d70a5057cca3499a637496ea379c",
                "sha256:b2243dd033fd02c01212ad5c601dafb44fbb293065f430b0d3dbf03f3254d615",
                "sha256:cc547d3ead3754712223abb7b403f0a184e4c3eae18c9bb7fd15adef1597cc4b",
                "sha256:cc552b6434b90d9dbed6a4f13339625dc466fd82597119897e9489c953acbc22",
                "sha256:f3790156c606299ff499ec44db422f66f05a7363b39eb9d5b064f17bd7d7c47b",
                "sha256:f7a21e3d99aa3095ef0553e7ceba36fb693998fbb1226f1392ce33681047465f",
                "sha256:fdc6b2cb4b19e431994f25a9160695cc59a4e861710cc6fc97161c5e845fc579"
            ],
            "index": "pypi",
            "version": "==5.4"
        }
    },
    "develop": {}
}
